// !$*UTF8*$!
{
	archiveVersion = 1;
	classes = {
	};
	objectVersion = 46;
	objects = {

/* Begin PBXBuildFile section */
		355FFB2415F509400062DF99 /* UIKit.framework in Frameworks */ = {isa = PBXBuildFile; fileRef = 355FFB2315F509400062DF99 /* UIKit.framework */; };
		355FFB2615F509400062DF99 /* Foundation.framework in Frameworks */ = {isa = PBXBuildFile; fileRef = 355FFB2515F509400062DF99 /* Foundation.framework */; };
		355FFB2815F509400062DF99 /* CoreGraphics.framework in Frameworks */ = {isa = PBXBuildFile; fileRef = 355FFB2715F509400062DF99 /* CoreGraphics.framework */; };
		355FFB2E15F509400062DF99 /* InfoPlist.strings in Resources */ = {isa = PBXBuildFile; fileRef = 355FFB2C15F509400062DF99 /* InfoPlist.strings */; };
		355FFB3015F509400062DF99 /* main.m in Sources */ = {isa = PBXBuildFile; fileRef = 355FFB2F15F509400062DF99 /* main.m */; };
		355FFB3415F509400062DF99 /* AppDelegate.m in Sources */ = {isa = PBXBuildFile; fileRef = 355FFB3315F509400062DF99 /* AppDelegate.m */; };
		355FFB3715F509400062DF99 /* MainStoryboard.storyboard in Resources */ = {isa = PBXBuildFile; fileRef = 355FFB3515F509400062DF99 /* MainStoryboard.storyboard */; };
		355FFB3A15F509400062DF99 /* ViewController.m in Sources */ = {isa = PBXBuildFile; fileRef = 355FFB3915F509400062DF99 /* ViewController.m */; };
		355FFB5F15F50DB30062DF99 /* b.png in Resources */ = {isa = PBXBuildFile; fileRef = 355FFB4915F50DB30062DF99 /* b.png */; };
		355FFB6015F50DB30062DF99 /* Black.png in Resources */ = {isa = PBXBuildFile; fileRef = 355FFB4A15F50DB30062DF99 /* Black.png */; };
		355FFB6115F50DB30062DF99 /* Blue.png in Resources */ = {isa = PBXBuildFile; fileRef = 355FFB4B15F50DB30062DF99 /* Blue.png */; };
		355FFB6215F50DB30062DF99 /* Brown.png in Resources */ = {isa = PBXBuildFile; fileRef = 355FFB4C15F50DB30062DF99 /* Brown.png */; };
		355FFB6315F50DB30062DF99 /* Custom-Color.png in Resources */ = {isa = PBXBuildFile; fileRef = 355FFB4D15F50DB30062DF99 /* Custom-Color.png */; };
		355FFB6415F50DB30062DF99 /* DarkGreen.png in Resources */ = {isa = PBXBuildFile; fileRef = 355FFB4E15F50DB30062DF99 /* DarkGreen.png */; };
		355FFB6515F50DB30062DF99 /* DarkOrange.png in Resources */ = {isa = PBXBuildFile; fileRef = 355FFB4F15F50DB30062DF99 /* DarkOrange.png */; };
		355FFB6615F50DB30062DF99 /* Eraser.png in Resources */ = {isa = PBXBuildFile; fileRef = 355FFB5015F50DB30062DF99 /* Eraser.png */; };
		355FFB6715F50DB30062DF99 /* g.png in Resources */ = {isa = PBXBuildFile; fileRef = 355FFB5115F50DB30062DF99 /* g.png */; };
		355FFB6815F50DB30062DF99 /* Grey.png in Resources */ = {isa = PBXBuildFile; fileRef = 355FFB5215F50DB30062DF99 /* Grey.png */; };
		355FFB6915F50DB30062DF99 /* LightBlue.png in Resources */ = {isa = PBXBuildFile; fileRef = 355FFB5315F50DB30062DF99 /* LightBlue.png */; };
		355FFB6A15F50DB30062DF99 /* LightGreen.png in Resources */ = {isa = PBXBuildFile; fileRef = 355FFB5415F50DB30062DF99 /* LightGreen.png */; };
		355FFB6B15F50DB30062DF99 /* Opacity.png in Resources */ = {isa = PBXBuildFile; fileRef = 355FFB5515F50DB30062DF99 /* Opacity.png */; };
		355FFB6C15F50DB30062DF99 /* r.png in Resources */ = {isa = PBXBuildFile; fileRef = 355FFB5615F50DB30062DF99 /* r.png */; };
		355FFB6D15F50DB30062DF99 /* Red.png in Resources */ = {isa = PBXBuildFile; fileRef = 355FFB5715F50DB30062DF99 /* Red.png */; };
		355FFB6E15F50DB30062DF99 /* reset-Small.png in Resources */ = {isa = PBXBuildFile; fileRef = 355FFB5815F50DB30062DF99 /* reset-Small.png */; };
		355FFB6F15F50DB30062DF99 /* Save-Small.png in Resources */ = {isa = PBXBuildFile; fileRef = 355FFB5915F50DB30062DF99 /* Save-Small.png */; };
		355FFB7015F50DB30062DF99 /* Setting-1.png in Resources */ = {isa = PBXBuildFile; fileRef = 355FFB5A15F50DB30062DF99 /* Setting-1.png */; };
		355FFB7115F50DB30062DF99 /* Setting-2.png in Resources */ = {isa = PBXBuildFile; fileRef = 355FFB5B15F50DB30062DF99 /* Setting-2.png */; };
		355FFB7215F50DB30062DF99 /* thickness.png in Resources */ = {isa = PBXBuildFile; fileRef = 355FFB5C15F50DB30062DF99 /* thickness.png */; };
		355FFB7315F50DB30062DF99 /* width.png in Resources */ = {isa = PBXBuildFile; fileRef = 355FFB5D15F50DB30062DF99 /* width.png */; };
		355FFB7415F50DB30062DF99 /* Yellow.png in Resources */ = {isa = PBXBuildFile; fileRef = 355FFB5E15F50DB30062DF99 /* Yellow.png */; };
		355FFB7715F519510062DF99 /* SettingsViewController.m in Sources */ = {isa = PBXBuildFile; fileRef = 355FFB7615F519510062DF99 /* SettingsViewController.m */; };
		355FFB7915F52A4B0062DF99 /* Twitter.framework in Frameworks */ = {isa = PBXBuildFile; fileRef = 355FFB7815F52A4B0062DF99 /* Twitter.framework */; };
		AA8175721CCAC3F1007855B9 /* Pink.png in Resources */ = {isa = PBXBuildFile; fileRef = AA8175711CCAC3F1007855B9 /* Pink.png */; };
		AAA971BB1C77CB72005CB6D2 /* Default-568h@2x.png in Resources */ = {isa = PBXBuildFile; fileRef = AAA971BA1C77CB72005CB6D2 /* Default-568h@2x.png */; };
		AAA971BD1C77CD68005CB6D2 /* Images.xcassets in Resources */ = {isa = PBXBuildFile; fileRef = AAA971BC1C77CD68005CB6D2 /* Images.xcassets */; };
		AAA971D01C77CFB8005CB6D2 /* Icon-72.png in Resources */ = {isa = PBXBuildFile; fileRef = AAA971BF1C77CFB8005CB6D2 /* Icon-72.png */; };
		AAA971D11C77CFB8005CB6D2 /* Icon-72@2x.png in Resources */ = {isa = PBXBuildFile; fileRef = AAA971C01C77CFB8005CB6D2 /* Icon-72@2x.png */; };
		AAA971D21C77CFB8005CB6D2 /* Icon-76.png in Resources */ = {isa = PBXBuildFile; fileRef = AAA971C11C77CFB8005CB6D2 /* Icon-76.png */; };
		AAA971D31C77CFB8005CB6D2 /* Icon-76@2x.png in Resources */ = {isa = PBXBuildFile; fileRef = AAA971C21C77CFB8005CB6D2 /* Icon-76@2x.png */; };
		AAA971D41C77CFB8005CB6D2 /* Icon-120.png in Resources */ = {isa = PBXBuildFile; fileRef = AAA971C31C77CFB8005CB6D2 /* Icon-120.png */; };
		AAA971D51C77CFB8005CB6D2 /* Icon-iPad-Spotlight-iOS7@2x.png in Resources */ = {isa = PBXBuildFile; fileRef = AAA971C41C77CFB8005CB6D2 /* Icon-iPad-Spotlight-iOS7@2x.png */; };
		AAA971D61C77CFB8005CB6D2 /* Icon-Small-50.png in Resources */ = {isa = PBXBuildFile; fileRef = AAA971C51C77CFB8005CB6D2 /* Icon-Small-50.png */; };
		AAA971D71C77CFB8005CB6D2 /* Icon-Small.png in Resources */ = {isa = PBXBuildFile; fileRef = AAA971C61C77CFB8005CB6D2 /* Icon-Small.png */; };
		AAA971D81C77CFB8005CB6D2 /* Icon-Small@2x.png in Resources */ = {isa = PBXBuildFile; fileRef = AAA971C71C77CFB8005CB6D2 /* Icon-Small@2x.png */; };
		AAA971D91C77CFB8005CB6D2 /* Icon-Spotlight-iOS7.png in Resources */ = {isa = PBXBuildFile; fileRef = AAA971C81C77CFB8005CB6D2 /* Icon-Spotlight-iOS7.png */; };
		AAA971DA1C77CFB8005CB6D2 /* Icon-Spotlight-iOS7@2x.png in Resources */ = {isa = PBXBuildFile; fileRef = AAA971C91C77CFB8005CB6D2 /* Icon-Spotlight-iOS7@2x.png */; };
		AAA971DB1C77CFB8005CB6D2 /* Icon.png in Resources */ = {isa = PBXBuildFile; fileRef = AAA971CA1C77CFB8005CB6D2 /* Icon.png */; };
		AAA971DC1C77CFB8005CB6D2 /* Icon@2x.png in Resources */ = {isa = PBXBuildFile; fileRef = AAA971CB1C77CFB8005CB6D2 /* Icon@2x.png */; };
		AAA971DD1C77CFB8005CB6D2 /* iTunesArtwork in Resources */ = {isa = PBXBuildFile; fileRef = AAA971CC1C77CFB8005CB6D2 /* iTunesArtwork */; };
		AAA971DE1C77CFB8005CB6D2 /* iTunesArtwork@2x in Resources */ = {isa = PBXBuildFile; fileRef = AAA971CD1C77CFB8005CB6D2 /* iTunesArtwork@2x */; };
		AAA971DF1C77CFB8005CB6D2 /* DrawPad.png in Resources */ = {isa = PBXBuildFile; fileRef = AAA971CE1C77CFB8005CB6D2 /* DrawPad.png */; };
		AAA971E01C77CFB8005CB6D2 /* DrawPad@2x.png in Resources */ = {isa = PBXBuildFile; fileRef = AAA971CF1C77CFB8005CB6D2 /* DrawPad@2x.png */; };
		AAA971E21C77D01F005CB6D2 /* Icon-87.png in Resources */ = {isa = PBXBuildFile; fileRef = AAA971E11C77D01F005CB6D2 /* Icon-87.png */; };
		AAA971E41C77D066005CB6D2 /* Icon-80.png in Resources */ = {isa = PBXBuildFile; fileRef = AAA971E31C77D066005CB6D2 /* Icon-80.png */; };
		AAA971E61C77D0B6005CB6D2 /* DrawPad-180.png in Resources */ = {isa = PBXBuildFile; fileRef = AAA971E51C77D0B6005CB6D2 /* DrawPad-180.png */; };
		AAAE84AE1C7A05EB00D865BD /* Storyboard_iPad.storyboard in Resources */ = {isa = PBXBuildFile; fileRef = AAAE84AD1C7A05EB00D865BD /* Storyboard_iPad.storyboard */; };
		AAC5CBAF1C7BAD5200123944 /* LaunchScreen.storyboard in Resources */ = {isa = PBXBuildFile; fileRef = AAC5CBAE1C7BAD5200123944 /* LaunchScreen.storyboard */; };
		AAC5CBB11C7BAE1D00123944 /* Default-Portrait.png in Resources */ = {isa = PBXBuildFile; fileRef = AAC5CBB01C7BAE1D00123944 /* Default-Portrait.png */; };
		AAC5CBB41C7BB24300123944 /* Icon-152.png in Resources */ = {isa = PBXBuildFile; fileRef = AAC5CBB21C7BB24300123944 /* Icon-152.png */; };
		AAC5CBB51C7BB24300123944 /* iTunesDrawPad.png in Resources */ = {isa = PBXBuildFile; fileRef = AAC5CBB31C7BB24300123944 /* iTunesDrawPad.png */; };
		AAC5CBB71C7BB38B00123944 /* Icon-83.png in Resources */ = {isa = PBXBuildFile; fileRef = AAC5CBB61C7BB38B00123944 /* Icon-83.png */; };
		AAC5CBB91C7BB3D900123944 /* Icon-167.png in Resources */ = {isa = PBXBuildFile; fileRef = AAC5CBB81C7BB3D900123944 /* Icon-167.png */; };
		AC6CA8AE1E7329B90070B4AF /* Settings.png in Resources */ = {isa = PBXBuildFile; fileRef = AC6CA8AD1E7329B90070B4AF /* Settings.png */; };
		AC6CA8B01E7329E40070B4AF /* Paint.png in Resources */ = {isa = PBXBuildFile; fileRef = AC6CA8AF1E7329E40070B4AF /* Paint.png */; };
		ACE965941DBAB0BD00378E2D /* Pink@3x.png in Resources */ = {isa = PBXBuildFile; fileRef = ACE965921DBAB0BD00378E2D /* Pink@3x.png */; };
		ACE965951DBAB0BD00378E2D /* Pink@2x.png in Resources */ = {isa = PBXBuildFile; fileRef = ACE965931DBAB0BD00378E2D /* Pink@2x.png */; };
/* End PBXBuildFile section */

/* Begin PBXFileReference section */
		355FFB1F15F509400062DF99 /* DrawPad.app */ = {isa = PBXFileReference; explicitFileType = wrapper.application; includeInIndex = 0; path = DrawPad.app; sourceTree = BUILT_PRODUCTS_DIR; };
		355FFB2315F509400062DF99 /* UIKit.framework */ = {isa = PBXFileReference; lastKnownFileType = wrapper.framework; name = UIKit.framework; path = System/Library/Frameworks/UIKit.framework; sourceTree = SDKROOT; };
		355FFB2515F509400062DF99 /* Foundation.framework */ = {isa = PBXFileReference; lastKnownFileType = wrapper.framework; name = Foundation.framework; path = System/Library/Frameworks/Foundation.framework; sourceTree = SDKROOT; };
		355FFB2715F509400062DF99 /* CoreGraphics.framework */ = {isa = PBXFileReference; lastKnownFileType = wrapper.framework; name = CoreGraphics.framework; path = System/Library/Frameworks/CoreGraphics.framework; sourceTree = SDKROOT; };
		355FFB2B15F509400062DF99 /* DrawPad-Info.plist */ = {isa = PBXFileReference; lastKnownFileType = text.plist.xml; path = "DrawPad-Info.plist"; sourceTree = "<group>"; };
		355FFB2D15F509400062DF99 /* en */ = {isa = PBXFileReference; lastKnownFileType = text.plist.strings; name = en; path = en.lproj/InfoPlist.strings; sourceTree = "<group>"; };
		355FFB2F15F509400062DF99 /* main.m */ = {isa = PBXFileReference; lastKnownFileType = sourcecode.c.objc; path = main.m; sourceTree = "<group>"; };
		355FFB3115F509400062DF99 /* DrawPad-Prefix.pch */ = {isa = PBXFileReference; lastKnownFileType = sourcecode.c.h; path = "DrawPad-Prefix.pch"; sourceTree = "<group>"; };
		355FFB3215F509400062DF99 /* AppDelegate.h */ = {isa = PBXFileReference; lastKnownFileType = sourcecode.c.h; path = AppDelegate.h; sourceTree = "<group>"; };
		355FFB3315F509400062DF99 /* AppDelegate.m */ = {isa = PBXFileReference; lastKnownFileType = sourcecode.c.objc; path = AppDelegate.m; sourceTree = "<group>"; };
		355FFB3615F509400062DF99 /* en */ = {isa = PBXFileReference; lastKnownFileType = file.storyboard; name = en; path = en.lproj/MainStoryboard.storyboard; sourceTree = "<group>"; };
		355FFB3815F509400062DF99 /* ViewController.h */ = {isa = PBXFileReference; lastKnownFileType = sourcecode.c.h; path = ViewController.h; sourceTree = "<group>"; };
		355FFB3915F509400062DF99 /* ViewController.m */ = {isa = PBXFileReference; lastKnownFileType = sourcecode.c.objc; path = ViewController.m; sourceTree = "<group>"; };
		355FFB4915F50DB30062DF99 /* b.png */ = {isa = PBXFileReference; lastKnownFileType = image.png; path = b.png; sourceTree = "<group>"; };
		355FFB4A15F50DB30062DF99 /* Black.png */ = {isa = PBXFileReference; lastKnownFileType = image.png; path = Black.png; sourceTree = "<group>"; };
		355FFB4B15F50DB30062DF99 /* Blue.png */ = {isa = PBXFileReference; lastKnownFileType = image.png; path = Blue.png; sourceTree = "<group>"; };
		355FFB4C15F50DB30062DF99 /* Brown.png */ = {isa = PBXFileReference; lastKnownFileType = image.png; path = Brown.png; sourceTree = "<group>"; };
		355FFB4D15F50DB30062DF99 /* Custom-Color.png */ = {isa = PBXFileReference; lastKnownFileType = image.png; path = "Custom-Color.png"; sourceTree = "<group>"; };
		355FFB4E15F50DB30062DF99 /* DarkGreen.png */ = {isa = PBXFileReference; lastKnownFileType = image.png; path = DarkGreen.png; sourceTree = "<group>"; };
		355FFB4F15F50DB30062DF99 /* DarkOrange.png */ = {isa = PBXFileReference; lastKnownFileType = image.png; path = DarkOrange.png; sourceTree = "<group>"; };
		355FFB5015F50DB30062DF99 /* Eraser.png */ = {isa = PBXFileReference; lastKnownFileType = image.png; path = Eraser.png; sourceTree = "<group>"; };
		355FFB5115F50DB30062DF99 /* g.png */ = {isa = PBXFileReference; lastKnownFileType = image.png; path = g.png; sourceTree = "<group>"; };
		355FFB5215F50DB30062DF99 /* Grey.png */ = {isa = PBXFileReference; lastKnownFileType = image.png; path = Grey.png; sourceTree = "<group>"; };
		355FFB5315F50DB30062DF99 /* LightBlue.png */ = {isa = PBXFileReference; lastKnownFileType = image.png; path = LightBlue.png; sourceTree = "<group>"; };
		355FFB5415F50DB30062DF99 /* LightGreen.png */ = {isa = PBXFileReference; lastKnownFileType = image.png; path = LightGreen.png; sourceTree = "<group>"; };
		355FFB5515F50DB30062DF99 /* Opacity.png */ = {isa = PBXFileReference; lastKnownFileType = image.png; path = Opacity.png; sourceTree = "<group>"; };
		355FFB5615F50DB30062DF99 /* r.png */ = {isa = PBXFileReference; lastKnownFileType = image.png; path = r.png; sourceTree = "<group>"; };
		355FFB5715F50DB30062DF99 /* Red.png */ = {isa = PBXFileReference; lastKnownFileType = image.png; path = Red.png; sourceTree = "<group>"; };
		355FFB5815F50DB30062DF99 /* reset-Small.png */ = {isa = PBXFileReference; lastKnownFileType = image.png; path = "reset-Small.png"; sourceTree = "<group>"; };
		355FFB5915F50DB30062DF99 /* Save-Small.png */ = {isa = PBXFileReference; lastKnownFileType = image.png; path = "Save-Small.png"; sourceTree = "<group>"; };
		355FFB5A15F50DB30062DF99 /* Setting-1.png */ = {isa = PBXFileReference; lastKnownFileType = image.png; path = "Setting-1.png"; sourceTree = "<group>"; };
		355FFB5B15F50DB30062DF99 /* Setting-2.png */ = {isa = PBXFileReference; lastKnownFileType = image.png; path = "Setting-2.png"; sourceTree = "<group>"; };
		355FFB5C15F50DB30062DF99 /* thickness.png */ = {isa = PBXFileReference; lastKnownFileType = image.png; path = thickness.png; sourceTree = "<group>"; };
		355FFB5D15F50DB30062DF99 /* width.png */ = {isa = PBXFileReference; lastKnownFileType = image.png; path = width.png; sourceTree = "<group>"; };
		355FFB5E15F50DB30062DF99 /* Yellow.png */ = {isa = PBXFileReference; lastKnownFileType = image.png; path = Yellow.png; sourceTree = "<group>"; };
		355FFB7515F519510062DF99 /* SettingsViewController.h */ = {isa = PBXFileReference; fileEncoding = 4; lastKnownFileType = sourcecode.c.h; path = SettingsViewController.h; sourceTree = "<group>"; };
		355FFB7615F519510062DF99 /* SettingsViewController.m */ = {isa = PBXFileReference; fileEncoding = 4; lastKnownFileType = sourcecode.c.objc; path = SettingsViewController.m; sourceTree = "<group>"; };
		355FFB7815F52A4B0062DF99 /* Twitter.framework */ = {isa = PBXFileReference; lastKnownFileType = wrapper.framework; name = Twitter.framework; path = System/Library/Frameworks/Twitter.framework; sourceTree = SDKROOT; };
		AA8175711CCAC3F1007855B9 /* Pink.png */ = {isa = PBXFileReference; lastKnownFileType = image.png; path = Pink.png; sourceTree = "<group>"; };
		AAA971BA1C77CB72005CB6D2 /* Default-568h@2x.png */ = {isa = PBXFileReference; lastKnownFileType = image.png; name = "Default-568h@2x.png"; path = "../../Default-568h@2x.png"; sourceTree = "<group>"; };
		AAA971BC1C77CD68005CB6D2 /* Images.xcassets */ = {isa = PBXFileReference; lastKnownFileType = folder.assetcatalog; path = Images.xcassets; sourceTree = "<group>"; };
		AAA971BF1C77CFB8005CB6D2 /* Icon-72.png */ = {isa = PBXFileReference; lastKnownFileType = image.png; path = "Icon-72.png"; sourceTree = "<group>"; };
		AAA971C01C77CFB8005CB6D2 /* Icon-72@2x.png */ = {isa = PBXFileReference; lastKnownFileType = image.png; path = "Icon-72@2x.png"; sourceTree = "<group>"; };
		AAA971C11C77CFB8005CB6D2 /* Icon-76.png */ = {isa = PBXFileReference; lastKnownFileType = image.png; path = "Icon-76.png"; sourceTree = "<group>"; };
		AAA971C21C77CFB8005CB6D2 /* Icon-76@2x.png */ = {isa = PBXFileReference; lastKnownFileType = image.png; path = "Icon-76@2x.png"; sourceTree = "<group>"; };
		AAA971C31C77CFB8005CB6D2 /* Icon-120.png */ = {isa = PBXFileReference; lastKnownFileType = image.png; path = "Icon-120.png"; sourceTree = "<group>"; };
		AAA971C41C77CFB8005CB6D2 /* Icon-iPad-Spotlight-iOS7@2x.png */ = {isa = PBXFileReference; lastKnownFileType = image.png; path = "Icon-iPad-Spotlight-iOS7@2x.png"; sourceTree = "<group>"; };
		AAA971C51C77CFB8005CB6D2 /* Icon-Small-50.png */ = {isa = PBXFileReference; lastKnownFileType = image.png; path = "Icon-Small-50.png"; sourceTree = "<group>"; };
		AAA971C61C77CFB8005CB6D2 /* Icon-Small.png */ = {isa = PBXFileReference; lastKnownFileType = image.png; path = "Icon-Small.png"; sourceTree = "<group>"; };
		AAA971C71C77CFB8005CB6D2 /* Icon-Small@2x.png */ = {isa = PBXFileReference; lastKnownFileType = image.png; path = "Icon-Small@2x.png"; sourceTree = "<group>"; };
		AAA971C81C77CFB8005CB6D2 /* Icon-Spotlight-iOS7.png */ = {isa = PBXFileReference; lastKnownFileType = image.png; path = "Icon-Spotlight-iOS7.png"; sourceTree = "<group>"; };
		AAA971C91C77CFB8005CB6D2 /* Icon-Spotlight-iOS7@2x.png */ = {isa = PBXFileReference; lastKnownFileType = image.png; path = "Icon-Spotlight-iOS7@2x.png"; sourceTree = "<group>"; };
		AAA971CA1C77CFB8005CB6D2 /* Icon.png */ = {isa = PBXFileReference; lastKnownFileType = image.png; path = Icon.png; sourceTree = "<group>"; };
		AAA971CB1C77CFB8005CB6D2 /* Icon@2x.png */ = {isa = PBXFileReference; lastKnownFileType = image.png; path = "Icon@2x.png"; sourceTree = "<group>"; };
		AAA971CC1C77CFB8005CB6D2 /* iTunesArtwork */ = {isa = PBXFileReference; lastKnownFileType = file; path = iTunesArtwork; sourceTree = "<group>"; };
		AAA971CD1C77CFB8005CB6D2 /* iTunesArtwork@2x */ = {isa = PBXFileReference; lastKnownFileType = file; path = "iTunesArtwork@2x"; sourceTree = "<group>"; };
		AAA971CE1C77CFB8005CB6D2 /* DrawPad.png */ = {isa = PBXFileReference; lastKnownFileType = image.png; path = DrawPad.png; sourceTree = "<group>"; };
		AAA971CF1C77CFB8005CB6D2 /* DrawPad@2x.png */ = {isa = PBXFileReference; lastKnownFileType = image.png; path = "DrawPad@2x.png"; sourceTree = "<group>"; };
		AAA971E11C77D01F005CB6D2 /* Icon-87.png */ = {isa = PBXFileReference; lastKnownFileType = image.png; path = "Icon-87.png"; sourceTree = "<group>"; };
		AAA971E31C77D066005CB6D2 /* Icon-80.png */ = {isa = PBXFileReference; lastKnownFileType = image.png; path = "Icon-80.png"; sourceTree = "<group>"; };
		AAA971E51C77D0B6005CB6D2 /* DrawPad-180.png */ = {isa = PBXFileReference; lastKnownFileType = image.png; path = "DrawPad-180.png"; sourceTree = "<group>"; };
		AAAE84AD1C7A05EB00D865BD /* Storyboard_iPad.storyboard */ = {isa = PBXFileReference; fileEncoding = 4; lastKnownFileType = file.storyboard; path = Storyboard_iPad.storyboard; sourceTree = "<group>"; };
		AAC5CBAE1C7BAD5200123944 /* LaunchScreen.storyboard */ = {isa = PBXFileReference; fileEncoding = 4; lastKnownFileType = file.storyboard; path = LaunchScreen.storyboard; sourceTree = "<group>"; };
		AAC5CBB01C7BAE1D00123944 /* Default-Portrait.png */ = {isa = PBXFileReference; lastKnownFileType = image.png; path = "Default-Portrait.png"; sourceTree = "<group>"; };
		AAC5CBB21C7BB24300123944 /* Icon-152.png */ = {isa = PBXFileReference; lastKnownFileType = image.png; path = "Icon-152.png"; sourceTree = "<group>"; };
		AAC5CBB31C7BB24300123944 /* iTunesDrawPad.png */ = {isa = PBXFileReference; lastKnownFileType = image.png; path = iTunesDrawPad.png; sourceTree = "<group>"; };
		AAC5CBB61C7BB38B00123944 /* Icon-83.png */ = {isa = PBXFileReference; lastKnownFileType = image.png; path = "Icon-83.png"; sourceTree = "<group>"; };
		AAC5CBB81C7BB3D900123944 /* Icon-167.png */ = {isa = PBXFileReference; lastKnownFileType = image.png; path = "Icon-167.png"; sourceTree = "<group>"; };
		AC6CA8AD1E7329B90070B4AF /* Settings.png */ = {isa = PBXFileReference; lastKnownFileType = image.png; path = Settings.png; sourceTree = "<group>"; };
		AC6CA8AF1E7329E40070B4AF /* Paint.png */ = {isa = PBXFileReference; lastKnownFileType = image.png; path = Paint.png; sourceTree = "<group>"; };
		ACE965921DBAB0BD00378E2D /* Pink@3x.png */ = {isa = PBXFileReference; lastKnownFileType = image.png; path = "Pink@3x.png"; sourceTree = "<group>"; };
		ACE965931DBAB0BD00378E2D /* Pink@2x.png */ = {isa = PBXFileReference; lastKnownFileType = image.png; path = "Pink@2x.png"; sourceTree = "<group>"; };
/* End PBXFileReference section */

/* Begin PBXFrameworksBuildPhase section */
		355FFB1C15F5093F0062DF99 /* Frameworks */ = {
			isa = PBXFrameworksBuildPhase;
			buildActionMask = 2147483647;
			files = (
				355FFB7915F52A4B0062DF99 /* Twitter.framework in Frameworks */,
				355FFB2415F509400062DF99 /* UIKit.framework in Frameworks */,
				355FFB2615F509400062DF99 /* Foundation.framework in Frameworks */,
				355FFB2815F509400062DF99 /* CoreGraphics.framework in Frameworks */,
			);
			runOnlyForDeploymentPostprocessing = 0;
		};
/* End PBXFrameworksBuildPhase section */

/* Begin PBXGroup section */
		355FFB1415F5093F0062DF99 = {
			isa = PBXGroup;
			children = (
				355FFB7815F52A4B0062DF99 /* Twitter.framework */,
				355FFB2915F509400062DF99 /* DrawPad */,
				355FFB2215F509400062DF99 /* Frameworks */,
				355FFB2015F509400062DF99 /* Products */,
			);
			sourceTree = "<group>";
		};
		355FFB2015F509400062DF99 /* Products */ = {
			isa = PBXGroup;
			children = (
				355FFB1F15F509400062DF99 /* DrawPad.app */,
			);
			name = Products;
			sourceTree = "<group>";
		};
		355FFB2215F509400062DF99 /* Frameworks */ = {
			isa = PBXGroup;
			children = (
				355FFB2315F509400062DF99 /* UIKit.framework */,
				355FFB2515F509400062DF99 /* Foundation.framework */,
				355FFB2715F509400062DF99 /* CoreGraphics.framework */,
			);
			name = Frameworks;
			sourceTree = "<group>";
		};
		355FFB2915F509400062DF99 /* DrawPad */ = {
			isa = PBXGroup;
			children = (
				355FFB3215F509400062DF99 /* AppDelegate.h */,
				355FFB3315F509400062DF99 /* AppDelegate.m */,
				AAAE84AD1C7A05EB00D865BD /* Storyboard_iPad.storyboard */,
				355FFB3515F509400062DF99 /* MainStoryboard.storyboard */,
				355FFB3815F509400062DF99 /* ViewController.h */,
				355FFB3915F509400062DF99 /* ViewController.m */,
				355FFB7515F519510062DF99 /* SettingsViewController.h */,
				355FFB7615F519510062DF99 /* SettingsViewController.m */,
				355FFB4815F50DB30062DF99 /* Graphics */,
				AAA971BC1C77CD68005CB6D2 /* Images.xcassets */,
				355FFB2A15F509400062DF99 /* Supporting Files */,
			);
			path = DrawPad;
			sourceTree = "<group>";
		};
		355FFB2A15F509400062DF99 /* Supporting Files */ = {
			isa = PBXGroup;
			children = (
				355FFB2B15F509400062DF99 /* DrawPad-Info.plist */,
				AAC5CBAE1C7BAD5200123944 /* LaunchScreen.storyboard */,
				355FFB2C15F509400062DF99 /* InfoPlist.strings */,
				355FFB2F15F509400062DF99 /* main.m */,
				355FFB3115F509400062DF99 /* DrawPad-Prefix.pch */,
			);
			name = "Supporting Files";
			sourceTree = "<group>";
		};
		355FFB4815F50DB30062DF99 /* Graphics */ = {
			isa = PBXGroup;
			children = (
				AAC5CBB01C7BAE1D00123944 /* Default-Portrait.png */,
				AAA971BA1C77CB72005CB6D2 /* Default-568h@2x.png */,
				AAA971BE1C77CFAC005CB6D2 /* Icons */,
				355FFB4915F50DB30062DF99 /* b.png */,
				AA8175711CCAC3F1007855B9 /* Pink.png */,
				ACE965921DBAB0BD00378E2D /* Pink@3x.png */,
				ACE965931DBAB0BD00378E2D /* Pink@2x.png */,
				355FFB4A15F50DB30062DF99 /* Black.png */,
				355FFB4B15F50DB30062DF99 /* Blue.png */,
				355FFB4C15F50DB30062DF99 /* Brown.png */,
				355FFB4D15F50DB30062DF99 /* Custom-Color.png */,
				355FFB4E15F50DB30062DF99 /* DarkGreen.png */,
				355FFB4F15F50DB30062DF99 /* DarkOrange.png */,
				355FFB5015F50DB30062DF99 /* Eraser.png */,
				355FFB5115F50DB30062DF99 /* g.png */,
				355FFB5215F50DB30062DF99 /* Grey.png */,
				355FFB5315F50DB30062DF99 /* LightBlue.png */,
				355FFB5415F50DB30062DF99 /* LightGreen.png */,
				355FFB5515F50DB30062DF99 /* Opacity.png */,
				355FFB5615F50DB30062DF99 /* r.png */,
				355FFB5715F50DB30062DF99 /* Red.png */,
				355FFB5815F50DB30062DF99 /* reset-Small.png */,
				355FFB5915F50DB30062DF99 /* Save-Small.png */,
				355FFB5A15F50DB30062DF99 /* Setting-1.png */,
				355FFB5B15F50DB30062DF99 /* Setting-2.png */,
				355FFB5C15F50DB30062DF99 /* thickness.png */,
				355FFB5D15F50DB30062DF99 /* width.png */,
				355FFB5E15F50DB30062DF99 /* Yellow.png */,
			);
			path = Graphics;
			sourceTree = "<group>";
		};
		AAA971BE1C77CFAC005CB6D2 /* Icons */ = {
			isa = PBXGroup;
			children = (
				AC6CA8AD1E7329B90070B4AF /* Settings.png */,
				AAC5CBB81C7BB3D900123944 /* Icon-167.png */,
				AAC5CBB61C7BB38B00123944 /* Icon-83.png */,
				AC6CA8AF1E7329E40070B4AF /* Paint.png */,
				AAC5CBB21C7BB24300123944 /* Icon-152.png */,
				AAC5CBB31C7BB24300123944 /* iTunesDrawPad.png */,
				AAA971E51C77D0B6005CB6D2 /* DrawPad-180.png */,
				AAA971E31C77D066005CB6D2 /* Icon-80.png */,
				AAA971E11C77D01F005CB6D2 /* Icon-87.png */,
				AAA971BF1C77CFB8005CB6D2 /* Icon-72.png */,
				AAA971C01C77CFB8005CB6D2 /* Icon-72@2x.png */,
				AAA971C11C77CFB8005CB6D2 /* Icon-76.png */,
				AAA971C21C77CFB8005CB6D2 /* Icon-76@2x.png */,
				AAA971C31C77CFB8005CB6D2 /* Icon-120.png */,
				AAA971C41C77CFB8005CB6D2 /* Icon-iPad-Spotlight-iOS7@2x.png */,
				AAA971C51C77CFB8005CB6D2 /* Icon-Small-50.png */,
				AAA971C61C77CFB8005CB6D2 /* Icon-Small.png */,
				AAA971C71C77CFB8005CB6D2 /* Icon-Small@2x.png */,
				AAA971C81C77CFB8005CB6D2 /* Icon-Spotlight-iOS7.png */,
				AAA971C91C77CFB8005CB6D2 /* Icon-Spotlight-iOS7@2x.png */,
				AAA971CA1C77CFB8005CB6D2 /* Icon.png */,
				AAA971CB1C77CFB8005CB6D2 /* Icon@2x.png */,
				AAA971CC1C77CFB8005CB6D2 /* iTunesArtwork */,
				AAA971CD1C77CFB8005CB6D2 /* iTunesArtwork@2x */,
				AAA971CE1C77CFB8005CB6D2 /* DrawPad.png */,
				AAA971CF1C77CFB8005CB6D2 /* DrawPad@2x.png */,
			);
			name = Icons;
			sourceTree = "<group>";
		};
/* End PBXGroup section */

/* Begin PBXNativeTarget section */
		355FFB1E15F5093F0062DF99 /* DrawPad */ = {
			isa = PBXNativeTarget;
			buildConfigurationList = 355FFB3D15F509400062DF99 /* Build configuration list for PBXNativeTarget "DrawPad" */;
			buildPhases = (
				355FFB1B15F5093F0062DF99 /* Sources */,
				355FFB1C15F5093F0062DF99 /* Frameworks */,
				355FFB1D15F5093F0062DF99 /* Resources */,
			);
			buildRules = (
			);
			dependencies = (
			);
			name = DrawPad;
			productName = DrawPad;
			productReference = 355FFB1F15F509400062DF99 /* DrawPad.app */;
			productType = "com.apple.product-type.application";
		};
/* End PBXNativeTarget section */

/* Begin PBXProject section */
		355FFB1615F5093F0062DF99 /* Project object */ = {
			isa = PBXProject;
			attributes = {
				LastUpgradeCheck = 0730;
				ORGANIZATIONNAME = "Engel Alipio";
				TargetAttributes = {
					355FFB1E15F5093F0062DF99 = {
						DevelopmentTeam = J749562KY5;
						ProvisioningStyle = Automatic;
					};
				};
			};
			buildConfigurationList = 355FFB1915F5093F0062DF99 /* Build configuration list for PBXProject "DrawPad" */;
			compatibilityVersion = "Xcode 3.2";
			developmentRegion = English;
			hasScannedForEncodings = 0;
			knownRegions = (
				en,
			);
			mainGroup = 355FFB1415F5093F0062DF99;
			productRefGroup = 355FFB2015F509400062DF99 /* Products */;
			projectDirPath = "";
			projectRoot = "";
			targets = (
				355FFB1E15F5093F0062DF99 /* DrawPad */,
			);
		};
/* End PBXProject section */

/* Begin PBXResourcesBuildPhase section */
		355FFB1D15F5093F0062DF99 /* Resources */ = {
			isa = PBXResourcesBuildPhase;
			buildActionMask = 2147483647;
			files = (
				355FFB2E15F509400062DF99 /* InfoPlist.strings in Resources */,
				AAA971DC1C77CFB8005CB6D2 /* Icon@2x.png in Resources */,
				355FFB3715F509400062DF99 /* MainStoryboard.storyboard in Resources */,
				355FFB5F15F50DB30062DF99 /* b.png in Resources */,
				AAA971BD1C77CD68005CB6D2 /* Images.xcassets in Resources */,
				355FFB6015F50DB30062DF99 /* Black.png in Resources */,
				AAC5CBB11C7BAE1D00123944 /* Default-Portrait.png in Resources */,
				AAAE84AE1C7A05EB00D865BD /* Storyboard_iPad.storyboard in Resources */,
				355FFB6115F50DB30062DF99 /* Blue.png in Resources */,
				AAA971E21C77D01F005CB6D2 /* Icon-87.png in Resources */,
				AAC5CBAF1C7BAD5200123944 /* LaunchScreen.storyboard in Resources */,
				AAA971DF1C77CFB8005CB6D2 /* DrawPad.png in Resources */,
				355FFB6215F50DB30062DF99 /* Brown.png in Resources */,
				355FFB6315F50DB30062DF99 /* Custom-Color.png in Resources */,
				AAA971E41C77D066005CB6D2 /* Icon-80.png in Resources */,
				355FFB6415F50DB30062DF99 /* DarkGreen.png in Resources */,
				355FFB6515F50DB30062DF99 /* DarkOrange.png in Resources */,
				AAA971DB1C77CFB8005CB6D2 /* Icon.png in Resources */,
				ACE965951DBAB0BD00378E2D /* Pink@2x.png in Resources */,
				AAA971D71C77CFB8005CB6D2 /* Icon-Small.png in Resources */,
				AAA971D51C77CFB8005CB6D2 /* Icon-iPad-Spotlight-iOS7@2x.png in Resources */,
				355FFB6615F50DB30062DF99 /* Eraser.png in Resources */,
				AAA971D81C77CFB8005CB6D2 /* Icon-Small@2x.png in Resources */,
				AAA971D01C77CFB8005CB6D2 /* Icon-72.png in Resources */,
				AAA971DE1C77CFB8005CB6D2 /* iTunesArtwork@2x in Resources */,
				AAA971E01C77CFB8005CB6D2 /* DrawPad@2x.png in Resources */,
				355FFB6715F50DB30062DF99 /* g.png in Resources */,
				AAA971D21C77CFB8005CB6D2 /* Icon-76.png in Resources */,
				AA8175721CCAC3F1007855B9 /* Pink.png in Resources */,
				355FFB6815F50DB30062DF99 /* Grey.png in Resources */,
				AAA971D11C77CFB8005CB6D2 /* Icon-72@2x.png in Resources */,
				AAC5CBB91C7BB3D900123944 /* Icon-167.png in Resources */,
				355FFB6915F50DB30062DF99 /* LightBlue.png in Resources */,
				355FFB6A15F50DB30062DF99 /* LightGreen.png in Resources */,
				AAA971DD1C77CFB8005CB6D2 /* iTunesArtwork in Resources */,
				AAA971D91C77CFB8005CB6D2 /* Icon-Spotlight-iOS7.png in Resources */,
				AAC5CBB41C7BB24300123944 /* Icon-152.png in Resources */,
				355FFB6B15F50DB30062DF99 /* Opacity.png in Resources */,
				355FFB6C15F50DB30062DF99 /* r.png in Resources */,
				AC6CA8AE1E7329B90070B4AF /* Settings.png in Resources */,
				355FFB6D15F50DB30062DF99 /* Red.png in Resources */,
				355FFB6E15F50DB30062DF99 /* reset-Small.png in Resources */,
				355FFB6F15F50DB30062DF99 /* Save-Small.png in Resources */,
				AAC5CBB71C7BB38B00123944 /* Icon-83.png in Resources */,
				AC6CA8B01E7329E40070B4AF /* Paint.png in Resources */,
				AAA971D61C77CFB8005CB6D2 /* Icon-Small-50.png in Resources */,
				355FFB7015F50DB30062DF99 /* Setting-1.png in Resources */,
				ACE965941DBAB0BD00378E2D /* Pink@3x.png in Resources */,
				AAA971E61C77D0B6005CB6D2 /* DrawPad-180.png in Resources */,
				355FFB7115F50DB30062DF99 /* Setting-2.png in Resources */,
				355FFB7215F50DB30062DF99 /* thickness.png in Resources */,
				355FFB7315F50DB30062DF99 /* width.png in Resources */,
				AAA971D41C77CFB8005CB6D2 /* Icon-120.png in Resources */,
				AAA971BB1C77CB72005CB6D2 /* Default-568h@2x.png in Resources */,
				AAA971DA1C77CFB8005CB6D2 /* Icon-Spotlight-iOS7@2x.png in Resources */,
				AAA971D31C77CFB8005CB6D2 /* Icon-76@2x.png in Resources */,
				AAC5CBB51C7BB24300123944 /* iTunesDrawPad.png in Resources */,
				355FFB7415F50DB30062DF99 /* Yellow.png in Resources */,
			);
			runOnlyForDeploymentPostprocessing = 0;
		};
/* End PBXResourcesBuildPhase section */

/* Begin PBXSourcesBuildPhase section */
		355FFB1B15F5093F0062DF99 /* Sources */ = {
			isa = PBXSourcesBuildPhase;
			buildActionMask = 2147483647;
			files = (
				355FFB3015F509400062DF99 /* main.m in Sources */,
				355FFB3415F509400062DF99 /* AppDelegate.m in Sources */,
				355FFB3A15F509400062DF99 /* ViewController.m in Sources */,
				355FFB7715F519510062DF99 /* SettingsViewController.m in Sources */,
			);
			runOnlyForDeploymentPostprocessing = 0;
		};
/* End PBXSourcesBuildPhase section */

/* Begin PBXVariantGroup section */
		355FFB2C15F509400062DF99 /* InfoPlist.strings */ = {
			isa = PBXVariantGroup;
			children = (
				355FFB2D15F509400062DF99 /* en */,
			);
			name = InfoPlist.strings;
			sourceTree = "<group>";
		};
		355FFB3515F509400062DF99 /* MainStoryboard.storyboard */ = {
			isa = PBXVariantGroup;
			children = (
				355FFB3615F509400062DF99 /* en */,
			);
			name = MainStoryboard.storyboard;
			sourceTree = "<group>";
		};
/* End PBXVariantGroup section */

/* Begin XCBuildConfiguration section */
		355FFB3B15F509400062DF99 /* Debug */ = {
			isa = XCBuildConfiguration;
			buildSettings = {
				ALWAYS_SEARCH_USER_PATHS = NO;
				CLANG_CXX_LANGUAGE_STANDARD = "gnu++0x";
				CLANG_ENABLE_OBJC_ARC = YES;
				CLANG_WARN_BOOL_CONVERSION = YES;
				CLANG_WARN_CONSTANT_CONVERSION = YES;
				CLANG_WARN_EMPTY_BODY = YES;
				CLANG_WARN_ENUM_CONVERSION = YES;
				CLANG_WARN_INT_CONVERSION = YES;
				CLANG_WARN_UNREACHABLE_CODE = YES;
				CLANG_WARN__DUPLICATE_METHOD_MATCH = YES;
				"CODE_SIGN_IDENTITY[sdk=iphoneos*]" = "iPhone Developer";
				COPY_PHASE_STRIP = NO;
				ENABLE_BITCODE = NO;
				ENABLE_STRICT_OBJC_MSGSEND = YES;
				ENABLE_TESTABILITY = YES;
				GCC_C_LANGUAGE_STANDARD = gnu99;
				GCC_DYNAMIC_NO_PIC = NO;
				GCC_NO_COMMON_BLOCKS = YES;
				GCC_OPTIMIZATION_LEVEL = 0;
				GCC_PREPROCESSOR_DEFINITIONS = (
					"DEBUG=1",
					"$(inherited)",
				);
				GCC_SYMBOLS_PRIVATE_EXTERN = NO;
				GCC_VERSION = com.apple.compilers.llvm.clang.1_0;
				GCC_WARN_64_TO_32_BIT_CONVERSION = YES;
				GCC_WARN_ABOUT_RETURN_TYPE = YES;
				GCC_WARN_UNDECLARED_SELECTOR = YES;
				GCC_WARN_UNINITIALIZED_AUTOS = YES;
				GCC_WARN_UNUSED_FUNCTION = YES;
				GCC_WARN_UNUSED_VARIABLE = YES;
				IPHONEOS_DEPLOYMENT_TARGET = 9.0;
				ONLY_ACTIVE_ARCH = YES;
				SDKROOT = iphoneos;
			};
			name = Debug;
		};
		355FFB3C15F509400062DF99 /* Release */ = {
			isa = XCBuildConfiguration;
			buildSettings = {
				ALWAYS_SEARCH_USER_PATHS = NO;
				CLANG_CXX_LANGUAGE_STANDARD = "gnu++0x";
				CLANG_ENABLE_OBJC_ARC = YES;
				CLANG_WARN_BOOL_CONVERSION = YES;
				CLANG_WARN_CONSTANT_CONVERSION = YES;
				CLANG_WARN_EMPTY_BODY = YES;
				CLANG_WARN_ENUM_CONVERSION = YES;
				CLANG_WARN_INT_CONVERSION = YES;
				CLANG_WARN_UNREACHABLE_CODE = YES;
				CLANG_WARN__DUPLICATE_METHOD_MATCH = YES;
				"CODE_SIGN_IDENTITY[sdk=iphoneos*]" = "iPhone Developer";
				COPY_PHASE_STRIP = YES;
				ENABLE_BITCODE = NO;
				ENABLE_STRICT_OBJC_MSGSEND = YES;
				GCC_C_LANGUAGE_STANDARD = gnu99;
				GCC_NO_COMMON_BLOCKS = YES;
				GCC_VERSION = com.apple.compilers.llvm.clang.1_0;
				GCC_WARN_64_TO_32_BIT_CONVERSION = YES;
				GCC_WARN_ABOUT_RETURN_TYPE = YES;
				GCC_WARN_UNDECLARED_SELECTOR = YES;
				GCC_WARN_UNINITIALIZED_AUTOS = YES;
				GCC_WARN_UNUSED_FUNCTION = YES;
				GCC_WARN_UNUSED_VARIABLE = YES;
				IPHONEOS_DEPLOYMENT_TARGET = 9.0;
				OTHER_CFLAGS = "-DNS_BLOCK_ASSERTIONS=1";
				SDKROOT = iphoneos;
				VALIDATE_PRODUCT = YES;
			};
			name = Release;
		};
		355FFB3E15F509400062DF99 /* Debug */ = {
			isa = XCBuildConfiguration;
			buildSettings = {
				ASSETCATALOG_COMPILER_APPICON_NAME = AppIcon;
				ASSETCATALOG_COMPILER_LAUNCHIMAGE_NAME = "Brand Assets";
				CODE_SIGN_IDENTITY = "iPhone Developer";
				"CODE_SIGN_IDENTITY[sdk=iphoneos*]" = "iPhone Developer";
				CODE_SIGN_STYLE = Automatic;
				DEVELOPMENT_TEAM = J749562KY5;
				ENABLE_BITCODE = NO;
				GCC_PRECOMPILE_PREFIX_HEADER = YES;
				GCC_PREFIX_HEADER = "DrawPad/DrawPad-Prefix.pch";
				INFOPLIST_FILE = "DrawPad/DrawPad-Info.plist";
				IPHONEOS_DEPLOYMENT_TARGET = 9.0;
				PRODUCT_BUNDLE_IDENTIFIER = com.dwi.DrawPad;
				PRODUCT_NAME = "$(TARGET_NAME)";
				PROVISIONING_PROFILE_SPECIFIER = "";
				TARGETED_DEVICE_FAMILY = "1,2";
				WRAPPER_EXTENSION = app;
			};
			name = Debug;
		};
		355FFB3F15F509400062DF99 /* Release */ = {
			isa = XCBuildConfiguration;
			buildSettings = {
				ASSETCATALOG_COMPILER_APPICON_NAME = AppIcon;
				ASSETCATALOG_COMPILER_LAUNCHIMAGE_NAME = "Brand Assets";
				CODE_SIGN_IDENTITY = "iPhone Developer";
				"CODE_SIGN_IDENTITY[sdk=iphoneos*]" = "iPhone Developer";
				CODE_SIGN_STYLE = Automatic;
				DEVELOPMENT_TEAM = J749562KY5;
				ENABLE_BITCODE = NO;
				GCC_PRECOMPILE_PREFIX_HEADER = YES;
				GCC_PREFIX_HEADER = "DrawPad/DrawPad-Prefix.pch";
				INFOPLIST_FILE = "DrawPad/DrawPad-Info.plist";
				IPHONEOS_DEPLOYMENT_TARGET = 9.0;
				PRODUCT_BUNDLE_IDENTIFIER = com.dwi.DrawPad;
				PRODUCT_NAME = "$(TARGET_NAME)";
				PROVISIONING_PROFILE_SPECIFIER = "";
				TARGETED_DEVICE_FAMILY = "1,2";
				WRAPPER_EXTENSION = app;
			};
			name = Release;
		};
/* End XCBuildConfiguration section */

/* Begin XCConfigurationList section */
		355FFB1915F5093F0062DF99 /* Build configuration list for PBXProject "DrawPad" */ = {
			isa = XCConfigurationList;
			buildConfigurations = (
				355FFB3B15F509400062DF99 /* Debug */,
				355FFB3C15F509400062DF99 /* Release */,
			);
			defaultConfigurationIsVisible = 0;
			defaultConfigurationName = Release;
		};
		355FFB3D15F509400062DF99 /* Build configuration list for PBXNativeTarget "DrawPad" */ = {
			isa = XCConfigurationList;
			buildConfigurations = (
				355FFB3E15F509400062DF99 /* Debug */,
				355FFB3F15F509400062DF99 /* Release */,
			);
			defaultConfigurationIsVisible = 0;
			defaultConfigurationName = Release;
		};
/* End XCConfigurationList section */
	};
	rootObject = 355FFB1615F5093F0062DF99 /* Project object */;
}
